dependencies:
- name: cloudnative-pg
  repository: https://cloudnative-pg.github.io/charts
  version: 0.26.0
- name: vespa
  repository: https://onyx-dot-app.github.io/vespa-helm-charts
  version: 0.2.25
- name: opensearch
  repository: https://opensearch-project.github.io/helm-charts
  version: 3.4.0
- name: ingress-nginx
  repository: https://kubernetes.github.io/ingress-nginx
  version: 4.13.3
- name: redis
  repository: https://ot-container-kit.github.io/helm-charts
  version: 0.16.6
- name: minio
  repository: https://charts.min.io/
  version: 5.4.0
- name: code-interpreter
  repository: https://onyx-dot-app.github.io/python-sandbox/
  version: 0.3.2
digest: sha256:74908ea45ace2b4be913ff762772e6d87e40bab64e92c6662aa51730eaeb9d87
generated: "2026-04-06T15:34:02.597166-07:00"
